
Microsoft Visual Studio Solution File, Format Version 12.00
# Visual Studio 14
VisualStudioVersion = 14.0.25420.1
MinimumVisualStudioVersion = 10.0.40219.1
Project("{FAE04EC0-301F-11D3-BF4B-00C04F79EFBC}") = "MVC Demo", "MVC Demo\MVC Demo.csproj", "{8FECD80D-B57D-4E75-818A-759DCB4399D7}"
EndProject
Project("{FAE04EC0-301F-11D3-BF4B-00C04F79EFBC}") = "BusinessLayer", "BusinessLayer\BusinessLayer.csproj", "{F22B36A4-83E9-4851-BBC1-64416CD036B2}"
EndProject
Project("{FAE04EC0-301F-11D3-BF4B-00C04F79EFBC}") = "UnitTestProject1", "UnitTestProject1\UnitTestProject1.csproj", "{79F4A25E-9EA4-4546-B104-F434B75296C1}"
EndProject
Project("{FAE04EC0-301F-11D3-BF4B-00C04F79EFBC}") = "MVC Demo 2", "MVC Demo 2\MVC Demo 2.csproj", "{8213ED49-A55A-4E2A-B7B1-524B46F31BEB}"
EndProject
Project("{FAE04EC0-301F-11D3-BF4B-00C04F79EFBC}") = "FilterFunctionality", "FilterFunctionality\FilterFunctionality.csproj", "{2CBA6205-0E7C-4134-9B41-C21B7A981E49}"
EndProject
Project("{2150E333-8FDC-42A3-9474-1A3956D46DE8}") = "MVC examples", "MVC examples", "{254F8EEA-3D80-4888-84B8-9CF04F11F4DC}"
EndProject
Project("{FAE04EC0-301F-11D3-BF4B-00C04F79EFBC}") = "FilterFunctionality_Paging", "FilterFunctionality2\FilterFunctionality_Paging.csproj", "{7FA78AD3-04D6-4F1E-9CA9-9D74F995D322}"
EndProject
Global
	GlobalSection(SolutionConfigurationPlatforms) = preSolution
		Debug|Any CPU = Debug|Any CPU
		Release|Any CPU = Release|Any CPU
	EndGlobalSection
	GlobalSection(ProjectConfigurationPlatforms) = postSolution
		{8FECD80D-B57D-4E75-818A-759DCB4399D7}.Debug|Any CPU.ActiveCfg = Debug|Any CPU
		{8FECD80D-B57D-4E75-818A-759DCB4399D7}.Debug|Any CPU.Build.0 = Debug|Any CPU
		{8FECD80D-B57D-4E75-818A-759DCB4399D7}.Release|Any CPU.ActiveCfg = Release|Any CPU
		{8FECD80D-B57D-4E75-818A-759DCB4399D7}.Release|Any CPU.Build.0 = Release|Any CPU
		{F22B36A4-83E9-4851-BBC1-64416CD036B2}.Debug|Any CPU.ActiveCfg = Debug|Any CPU
		{F22B36A4-83E9-4851-BBC1-64416CD036B2}.Debug|Any CPU.Build.0 = Debug|Any CPU
		{F22B36A4-83E9-4851-BBC1-64416CD036B2}.Release|Any CPU.ActiveCfg = Release|Any CPU
		{F22B36A4-83E9-4851-BBC1-64416CD036B2}.Release|Any CPU.Build.0 = Release|Any CPU
		{79F4A25E-9EA4-4546-B104-F434B75296C1}.Debug|Any CPU.ActiveCfg = Debug|Any CPU
		{79F4A25E-9EA4-4546-B104-F434B75296C1}.Debug|Any CPU.Build.0 = Debug|Any CPU
		{79F4A25E-9EA4-4546-B104-F434B75296C1}.Release|Any CPU.ActiveCfg = Release|Any CPU
		{79F4A25E-9EA4-4546-B104-F434B75296C1}.Release|Any CPU.Build.0 = Release|Any CPU
		{8213ED49-A55A-4E2A-B7B1-524B46F31BEB}.Debug|Any CPU.ActiveCfg = Debug|Any CPU
		{8213ED49-A55A-4E2A-B7B1-524B46F31BEB}.Debug|Any CPU.Build.0 = Debug|Any CPU
		{8213ED49-A55A-4E2A-B7B1-524B46F31BEB}.Release|Any CPU.ActiveCfg = Release|Any CPU
		{8213ED49-A55A-4E2A-B7B1-524B46F31BEB}.Release|Any CPU.Build.0 = Release|Any CPU
		{2CBA6205-0E7C-4134-9B41-C21B7A981E49}.Debug|Any CPU.ActiveCfg = Debug|Any CPU
		{2CBA6205-0E7C-4134-9B41-C21B7A981E49}.Debug|Any CPU.Build.0 = Debug|Any CPU
		{2CBA6205-0E7C-4134-9B41-C21B7A981E49}.Release|Any CPU.ActiveCfg = Release|Any CPU
		{2CBA6205-0E7C-4134-9B41-C21B7A981E49}.Release|Any CPU.Build.0 = Release|Any CPU
		{7FA78AD3-04D6-4F1E-9CA9-9D74F995D322}.Debug|Any CPU.ActiveCfg = Debug|Any CPU
		{7FA78AD3-04D6-4F1E-9CA9-9D74F995D322}.Debug|Any CPU.Build.0 = Debug|Any CPU
		{7FA78AD3-04D6-4F1E-9CA9-9D74F995D322}.Release|Any CPU.ActiveCfg = Release|Any CPU
		{7FA78AD3-04D6-4F1E-9CA9-9D74F995D322}.Release|Any CPU.Build.0 = Release|Any CPU
	EndGlobalSection
	GlobalSection(SolutionProperties) = preSolution
		HideSolutionNode = FALSE
	EndGlobalSection
	GlobalSection(NestedProjects) = preSolution
		{2CBA6205-0E7C-4134-9B41-C21B7A981E49} = {254F8EEA-3D80-4888-84B8-9CF04F11F4DC}
		{7FA78AD3-04D6-4F1E-9CA9-9D74F995D322} = {254F8EEA-3D80-4888-84B8-9CF04F11F4DC}
	EndGlobalSection
EndGlobal
